<?xml version="1.0" encoding="UTF-8"?>
<!DOCTYPE scheme PUBLIC "-//Apple//DTD SCHEME 1.0//EN" "http://www.apple.com/DTDs/SCHEME-1.0.dtd">
<scheme version="1.0">
    <buildAction
        parallelizeBuildables="YES"
        buildImplicitDependencies="YES">
        <buildableProductRunnable
            runnableDebuggingMode="YES">
            <buildableReference
                BuildableIdentifier="primary"
                BlueprintIdentifier="XXXXXXXX-XXXX-XXXX-XXXX-XXXXXXXXXXXX"
                BuildableName="MyApp.app"
                BlueprintName="MyApp"
                ReferencedContainer="container:MyApp.xcodeproj">
            </buildableReference>
        </buildableProductRunnable>
        <buildActionEntries>
            <buildActionEntry
                BuildableIdentifier="primary"
                BlueprintIdentifier="XXXXXXXX-XXXX-XXXX-XXXX-XXXXXXXXXXXX"
                BuildableName="MyApp.app"
                BlueprintName="MyApp"
                ReferencedContainer="container:MyApp.xcodeproj">
            </buildActionEntry>
        </buildActionEntries>
    </buildAction>
    <testAction
        buildConfiguration="Debug"
        selectedDebuggerIdentifier="Xcode.DebuggerFoundation.Debugger.LLDB"
        selectedLauncherIdentifier="Xcode.DebuggerFoundation.Launcher.LLDB"
        shouldUseLaunchSchemeArgsEnv="YES">
        <testables>
            <testableReference
                BuildableIdentifier="primary"
                BlueprintIdentifier="XXXXXXXX-XXXX-XXXX-XXXX-XXXXXXXXXXXX"
                BuildableName="MyAppTests.xctest"
                BlueprintName="MyAppTests"
                ReferencedContainer="container:MyApp.xcodeproj">
            </testableReference>
        </testables>
        <testActionEntries>
            <testActionEntry
                BuildableIdentifier="primary"
                BlueprintIdentifier="XXXXXXXX-XXXX-XXXX-XXXX-XXXXXXXXXXXX"
                BuildableName="MyAppTests.xctest"
                BlueprintName="MyAppTests"
                ReferencedContainer="container:MyApp.xcodeproj">
            </testActionEntry>
        </testActionEntries>
    </testAction>
    <profileAction
        buildConfiguration="Release">
        <buildableProductRunnable
            runnableDebuggingMode="YES">
            <buildableReference
                BuildableIdentifier="primary"
                BlueprintIdentifier="XXXXXXXX-XXXX-XXXX-XXXX-XXXXXXXXXXXX"
                BuildableName="MyApp.app"
                BlueprintName="MyApp"
                ReferencedContainer="container:MyApp.xcodeproj">
            </buildableReference>
        </buildableProductRunnable>
    </profileAction>
    <analyzeAction
        buildConfiguration="Debug">
        <buildableProductRunnable
            runnableDebuggingMode="YES">
            <buildableReference
                BuildableIdentifier="primary"
                BlueprintIdentifier="XXXXXXXX-XXXX-XXXX-XXXX-XXXXXXXXXXXX"
                BuildableName="MyApp.app"
                BlueprintName="MyApp"
                ReferencedContainer="container:MyApp.xcodeproj">
            </buildableReference>
        </buildableProductRunnable>
    </analyzeAction>
    <archiveAction
        buildConfiguration="Release"
        revealArchiveInOrganizer="YES">
        <buildableProductRunnable
            runnableDebuggingMode="YES">
            <buildableReference
                BuildableIdentifier="primary"
                BlueprintIdentifier="XXXXXXXX-XXXX-XXXX-XXXX-XXXXXXXXXXXX"
                BuildableName="MyApp.app"
                BlueprintName="MyApp"
                ReferencedContainer="container:MyApp.xcodeproj">
            </buildableReference>
        </buildableProductRunnable>
    </archiveAction>
    <launchAction
        buildConfiguration="Debug"
        selectedDebuggerIdentifier="Xcode.DebuggerFoundation.Debugger.LLDB"
        selectedLauncherIdentifier="Xcode.DebuggerFoundation.Launcher.LLDB"
        shouldUseLaunchSchemeArgsEnv="YES"
        buildableProductRunnable
            runnableDebuggingMode="YES">
        <buildableReference
            BuildableIdentifier="primary"
            BlueprintIdentifier="XXXXXXXX-XXXX-XXXX-XXXX-XXXXXXXXXXXX"
            BuildableName="MyApp.app"
            BlueprintName="MyApp"
            ReferencedContainer="container:MyApp.xcodeproj">
        </buildableReference>
    </launchAction>
</scheme>
  
